// !$*UTF8*$!
{
	archiveVersion = 1;
	classes = {
	};
	objectVersion = 50;
	objects = {

/* Begin PBXBuildFile section */
		2D1540CF21EB5CA700E8D3E9 /* Assets.xcassets in Resources */ = {isa = PBXBuildFile; fileRef = 2D1540CE21EB5CA700E8D3E9 /* Assets.xcassets */; };
		2D3DC4332180024A007749BA /* AppDelegate.swift in Sources */ = {isa = PBXBuildFile; fileRef = 2D3DC4322180024A007749BA /* AppDelegate.swift */; };
		2D3DC4352180024A007749BA /* EditMemeViewController.swift in Sources */ = {isa = PBXBuildFile; fileRef = 2D3DC4342180024A007749BA /* EditMemeViewController.swift */; };
		2D3DC4382180024A007749BA /* Main.storyboard in Resources */ = {isa = PBXBuildFile; fileRef = 2D3DC4362180024A007749BA /* Main.storyboard */; };
		2D3DC43D2180024B007749BA /* LaunchScreen.storyboard in Resources */ = {isa = PBXBuildFile; fileRef = 2D3DC43B2180024B007749BA /* LaunchScreen.storyboard */; };
		2D3DC4482180024C007749BA /* MemeTests.swift in Sources */ = {isa = PBXBuildFile; fileRef = 2D3DC4472180024C007749BA /* MemeTests.swift */; };
		2D3DC4532180024C007749BA /* MemeUITests.swift in Sources */ = {isa = PBXBuildFile; fileRef = 2D3DC4522180024C007749BA /* MemeUITests.swift */; };
		2DB34EEC21DA087C00B67D6D /* SentTabBarController.swift in Sources */ = {isa = PBXBuildFile; fileRef = 2DB34EEB21DA087C00B67D6D /* SentTabBarController.swift */; };
		2DBB61722180200100665B25 /* Meme.swift in Sources */ = {isa = PBXBuildFile; fileRef = 2DBB61712180200000665B25 /* Meme.swift */; };
		2DC1D64B21AF700000D4FB19 /* SentTableViewController.swift in Sources */ = {isa = PBXBuildFile; fileRef = 2DC1D64A21AF700000D4FB19 /* SentTableViewController.swift */; };
		2DC1D64F21AF806200D4FB19 /* MemeDetailViewController.swift in Sources */ = {isa = PBXBuildFile; fileRef = 2DC1D64E21AF806200D4FB19 /* MemeDetailViewController.swift */; };
		2DC9952921EB3D020005A455 /* SentMemeTableViewCell.swift in Sources */ = {isa = PBXBuildFile; fileRef = 2DC9952821EB3D020005A455 /* SentMemeTableViewCell.swift */; };
		2DF9D52621C6C16C008B64B5 /* SentMemeCollectionViewController.swift in Sources */ = {isa = PBXBuildFile; fileRef = 2DF9D52521C6C16C008B64B5 /* SentMemeCollectionViewController.swift */; };
		2DF9D52821C6C235008B64B5 /* SentMemeCollectionViewCell.swift in Sources */ = {isa = PBXBuildFile; fileRef = 2DF9D52721C6C235008B64B5 /* SentMemeCollectionViewCell.swift */; };
/* End PBXBuildFile section */

/* Begin PBXContainerItemProxy section */
		2D3DC4442180024C007749BA /* PBXContainerItemProxy */ = {
			isa = PBXContainerItemProxy;
			containerPortal = 2D3DC4272180024A007749BA /* Project object */;
			proxyType = 1;
			remoteGlobalIDString = 2D3DC42E2180024A007749BA;
			remoteInfo = Meme;
		};
		2D3DC44F2180024C007749BA /* PBXContainerItemProxy */ = {
			isa = PBXContainerItemProxy;
			containerPortal = 2D3DC4272180024A007749BA /* Project object */;
			proxyType = 1;
			remoteGlobalIDString = 2D3DC42E2180024A007749BA;
			remoteInfo = Meme;
		};
/* End PBXContainerItemProxy section */

/* Begin PBXFileReference section */
		2D1540CE21EB5CA700E8D3E9 /* Assets.xcassets */ = {isa = PBXFileReference; lastKnownFileType = folder.assetcatalog; name = Assets.xcassets; path = Meme/Assets.xcassets; sourceTree = "<group>"; };
		2D3DC42F2180024A007749BA /* Meme.app */ = {isa = PBXFileReference; explicitFileType = wrapper.application; includeInIndex = 0; path = Meme.app; sourceTree = BUILT_PRODUCTS_DIR; };
		2D3DC4322180024A007749BA /* AppDelegate.swift */ = {isa = PBXFileReference; lastKnownFileType = sourcecode.swift; path = AppDelegate.swift; sourceTree = "<group>"; };
		2D3DC4342180024A007749BA /* EditMemeViewController.swift */ = {isa = PBXFileReference; lastKnownFileType = sourcecode.swift; path = EditMemeViewController.swift; sourceTree = "<group>"; };
		2D3DC4372180024A007749BA /* Base */ = {isa = PBXFileReference; lastKnownFileType = file.storyboard; name = Base; path = Base.lproj/Main.storyboard; sourceTree = "<group>"; };
		2D3DC43C2180024B007749BA /* Base */ = {isa = PBXFileReference; lastKnownFileType = file.storyboard; name = Base; path = Base.lproj/LaunchScreen.storyboard; sourceTree = "<group>"; };
		2D3DC43E2180024C007749BA /* Info.plist */ = {isa = PBXFileReference; lastKnownFileType = text.plist.xml; path = Info.plist; sourceTree = "<group>"; };
		2D3DC4432180024C007749BA /* MemeTests.xctest */ = {isa = PBXFileReference; explicitFileType = wrapper.cfbundle; includeInIndex = 0; path = MemeTests.xctest; sourceTree = BUILT_PRODUCTS_DIR; };
		2D3DC4472180024C007749BA /* MemeTests.swift */ = {isa = PBXFileReference; lastKnownFileType = sourcecode.swift; path = MemeTests.swift; sourceTree = "<group>"; };
		2D3DC4492180024C007749BA /* Info.plist */ = {isa = PBXFileReference; lastKnownFileType = text.plist.xml; path = Info.plist; sourceTree = "<group>"; };
		2D3DC44E2180024C007749BA /* MemeUITests.xctest */ = {isa = PBXFileReference; explicitFileType = wrapper.cfbundle; includeInIndex = 0; path = MemeUITests.xctest; sourceTree = BUILT_PRODUCTS_DIR; };
		2D3DC4522180024C007749BA /* MemeUITests.swift */ = {isa = PBXFileReference; lastKnownFileType = sourcecode.swift; path = MemeUITests.swift; sourceTree = "<group>"; };
		2D3DC4542180024C007749BA /* Info.plist */ = {isa = PBXFileReference; lastKnownFileType = text.plist.xml; path = Info.plist; sourceTree = "<group>"; };
		2DB34EEB21DA087C00B67D6D /* SentTabBarController.swift */ = {isa = PBXFileReference; lastKnownFileType = sourcecode.swift; path = SentTabBarController.swift; sourceTree = "<group>"; };
		2DBB61712180200000665B25 /* Meme.swift */ = {isa = PBXFileReference; lastKnownFileType = sourcecode.swift; path = Meme.swift; sourceTree = "<group>"; };
		2DC1D64A21AF700000D4FB19 /* SentTableViewController.swift */ = {isa = PBXFileReference; lastKnownFileType = sourcecode.swift; path = SentTableViewController.swift; sourceTree = "<group>"; };
		2DC1D64E21AF806200D4FB19 /* MemeDetailViewController.swift */ = {isa = PBXFileReference; lastKnownFileType = sourcecode.swift; path = MemeDetailViewController.swift; sourceTree = "<group>"; };
		2DC9952821EB3D020005A455 /* SentMemeTableViewCell.swift */ = {isa = PBXFileReference; lastKnownFileType = sourcecode.swift; path = SentMemeTableViewCell.swift; sourceTree = "<group>"; };
		2DF9D52521C6C16C008B64B5 /* SentMemeCollectionViewController.swift */ = {isa = PBXFileReference; lastKnownFileType = sourcecode.swift; path = SentMemeCollectionViewController.swift; sourceTree = "<group>"; };
		2DF9D52721C6C235008B64B5 /* SentMemeCollectionViewCell.swift */ = {isa = PBXFileReference; lastKnownFileType = sourcecode.swift; path = SentMemeCollectionViewCell.swift; sourceTree = "<group>"; };
/* End PBXFileReference section */

/* Begin PBXFrameworksBuildPhase section */
		2D3DC42C2180024A007749BA /* Frameworks */ = {
			isa = PBXFrameworksBuildPhase;
			buildActionMask = 2147483647;
			files = (
			);
			runOnlyForDeploymentPostprocessing = 0;
		};
		2D3DC4402180024C007749BA /* Frameworks */ = {
			isa = PBXFrameworksBuildPhase;
			buildActionMask = 2147483647;
			files = (
			);
			runOnlyForDeploymentPostprocessing = 0;
		};
		2D3DC44B2180024C007749BA /* Frameworks */ = {
			isa = PBXFrameworksBuildPhase;
			buildActionMask = 2147483647;
			files = (
			);
			runOnlyForDeploymentPostprocessing = 0;
		};
/* End PBXFrameworksBuildPhase section */

/* Begin PBXGroup section */
		2D3DC4262180024A007749BA = {
			isa = PBXGroup;
			children = (
				2D1540CE21EB5CA700E8D3E9 /* Assets.xcassets */,
				2D3DC4312180024A007749BA /* Meme */,
				2D3DC4462180024C007749BA /* MemeTests */,
				2D3DC4512180024C007749BA /* MemeUITests */,
				2D3DC4302180024A007749BA /* Products */,
			);
			sourceTree = "<group>";
		};
		2D3DC4302180024A007749BA /* Products */ = {
			isa = PBXGroup;
			children = (
				2D3DC42F2180024A007749BA /* Meme.app */,
				2D3DC4432180024C007749BA /* MemeTests.xctest */,
				2D3DC44E2180024C007749BA /* MemeUITests.xctest */,
			);
			name = Products;
			sourceTree = "<group>";
		};
		2D3DC4312180024A007749BA /* Meme */ = {
			isa = PBXGroup;
			children = (
				2D3DC4322180024A007749BA /* AppDelegate.swift */,
				2DC500EF21EBBE9B0094067F /* controllers */,
				2D3DC4362180024A007749BA /* Main.storyboard */,
				2D3DC43B2180024B007749BA /* LaunchScreen.storyboard */,
				2D3DC43E2180024C007749BA /* Info.plist */,
				2DBB61712180200000665B25 /* Meme.swift */,
				2DF9D52721C6C235008B64B5 /* SentMemeCollectionViewCell.swift */,
				2DC9952821EB3D020005A455 /* SentMemeTableViewCell.swift */,
			);
			path = Meme;
			sourceTree = "<group>";
		};
		2D3DC4462180024C007749BA /* MemeTests */ = {
			isa = PBXGroup;
			children = (
				2D3DC4472180024C007749BA /* MemeTests.swift */,
				2D3DC4492180024C007749BA /* Info.plist */,
			);
			path = MemeTests;
			sourceTree = "<group>";
		};
		2D3DC4512180024C007749BA /* MemeUITests */ = {
			isa = PBXGroup;
			children = (
				2D3DC4522180024C007749BA /* MemeUITests.swift */,
				2D3DC4542180024C007749BA /* Info.plist */,
			);
			path = MemeUITests;
			sourceTree = "<group>";
		};
		2DC500EF21EBBE9B0094067F /* controllers */ = {
			isa = PBXGroup;
			children = (
				2D3DC4342180024A007749BA /* EditMemeViewController.swift */,
				2DC1D64A21AF700000D4FB19 /* SentTableViewController.swift */,
				2DC1D64E21AF806200D4FB19 /* MemeDetailViewController.swift */,
				2DF9D52521C6C16C008B64B5 /* SentMemeCollectionViewController.swift */,
				2DB34EEB21DA087C00B67D6D /* SentTabBarController.swift */,
			);
			path = controllers;
			sourceTree = "<group>";
		};
/* End PBXGroup section */

/* Begin PBXNativeTarget section */
		2D3DC42E2180024A007749BA /* Meme */ = {
			isa = PBXNativeTarget;
			buildConfigurationList = 2D3DC4572180024C007749BA /* Build configuration list for PBXNativeTarget "Meme" */;
			buildPhases = (
				2D3DC42B2180024A007749BA /* Sources */,
				2D3DC42C2180024A007749BA /* Frameworks */,
				2D3DC42D2180024A007749BA /* Resources */,
			);
			buildRules = (
			);
			dependencies = (
			);
			name = Meme;
			productName = Meme;
			productReference = 2D3DC42F2180024A007749BA /* Meme.app */;
			productType = "com.apple.product-type.application";
		};
		2D3DC4422180024C007749BA /* MemeTests */ = {
			isa = PBXNativeTarget;
			buildConfigurationList = 2D3DC45A2180024C007749BA /* Build configuration list for PBXNativeTarget "MemeTests" */;
			buildPhases = (
				2D3DC43F2180024C007749BA /* Sources */,
				2D3DC4402180024C007749BA /* Frameworks */,
				2D3DC4412180024C007749BA /* Resources */,
			);
			buildRules = (
			);
			dependencies = (
				2D3DC4452180024C007749BA /* PBXTargetDependency */,
			);
			name = MemeTests;
			productName = MemeTests;
			productReference = 2D3DC4432180024C007749BA /* MemeTests.xctest */;
			productType = "com.apple.product-type.bundle.unit-test";
		};
		2D3DC44D2180024C007749BA /* MemeUITests */ = {
			isa = PBXNativeTarget;
			buildConfigurationList = 2D3DC45D2180024C007749BA /* Build configuration list for PBXNativeTarget "MemeUITests" */;
			buildPhases = (
				2D3DC44A2180024C007749BA /* Sources */,
				2D3DC44B2180024C007749BA /* Frameworks */,
				2D3DC44C2180024C007749BA /* Resources */,
			);
			buildRules = (
			);
			dependencies = (
				2D3DC4502180024C007749BA /* PBXTargetDependency */,
			);
			name = MemeUITests;
			productName = MemeUITests;
			productReference = 2D3DC44E2180024C007749BA /* MemeUITests.xctest */;
			productType = "com.apple.product-type.bundle.ui-testing";
		};
/* End PBXNativeTarget section */

/* Begin PBXProject section */
		2D3DC4272180024A007749BA /* Project object */ = {
			isa = PBXProject;
			attributes = {
				LastSwiftUpdateCheck = 0940;
				LastUpgradeCheck = 0940;
				ORGANIZATIONNAME = "Manpreet Singh";
				TargetAttributes = {
					2D3DC42E2180024A007749BA = {
						CreatedOnToolsVersion = 9.4.1;
					};
					2D3DC4422180024C007749BA = {
						CreatedOnToolsVersion = 9.4.1;
						TestTargetID = 2D3DC42E2180024A007749BA;
					};
					2D3DC44D2180024C007749BA = {
						CreatedOnToolsVersion = 9.4.1;
						TestTargetID = 2D3DC42E2180024A007749BA;
					};
				};
			};
			buildConfigurationList = 2D3DC42A2180024A007749BA /* Build configuration list for PBXProject "Meme" */;
			compatibilityVersion = "Xcode 9.3";
			developmentRegion = en;
			hasScannedForEncodings = 0;
			knownRegions = (
				en,
				Base,
			);
			mainGroup = 2D3DC4262180024A007749BA;
			productRefGroup = 2D3DC4302180024A007749BA /* Products */;
			projectDirPath = "";
			projectRoot = "";
			targets = (
				2D3DC42E2180024A007749BA /* Meme */,
				2D3DC4422180024C007749BA /* MemeTests */,
				2D3DC44D2180024C007749BA /* MemeUITests */,
			);
		};
/* End PBXProject section */

/* Begin PBXResourcesBuildPhase section */
		2D3DC42D2180024A007749BA /* Resources */ = {
			isa = PBXResourcesBuildPhase;
			buildActionMask = 2147483647;
			files = (
				2D3DC43D2180024B007749BA /* LaunchScreen.storyboard in Resources */,
				2D1540CF21EB5CA700E8D3E9 /* Assets.xcassets in Resources */,
				2D3DC4382180024A007749BA /* Main.storyboard in Resources */,
			);
			runOnlyForDeploymentPostprocessing = 0;
		};
		2D3DC4412180024C007749BA /* Resources */ = {
			isa = PBXResourcesBuildPhase;
			buildActionMask = 2147483647;
			files = (
			);
			runOnlyForDeploymentPostprocessing = 0;
		};
		2D3DC44C2180024C007749BA /* Resources */ = {
			isa = PBXResourcesBuildPhase;
			buildActionMask = 2147483647;
			files = (
			);
			runOnlyForDeploymentPostprocessing = 0;
		};
/* End PBXResourcesBuildPhase section */

/* Begin PBXSourcesBuildPhase section */
		2D3DC42B2180024A007749BA /* Sources */ = {
			isa = PBXSourcesBuildPhase;
			buildActionMask = 2147483647;
			files = (
				2DBB61722180200100665B25 /* Meme.swift in Sources */,
				2DC1D64B21AF700000D4FB19 /* SentTableViewController.swift in Sources */,
				2D3DC4352180024A007749BA /* EditMemeViewController.swift in Sources */,
				2DC9952921EB3D020005A455 /* SentMemeTableViewCell.swift in Sources */,
				2D3DC4332180024A007749BA /* AppDelegate.swift in Sources */,
				2DF9D52821C6C235008B64B5 /* SentMemeCollectionViewCell.swift in Sources */,
				2DF9D52621C6C16C008B64B5 /* SentMemeCollectionViewController.swift in Sources */,
				2DC1D64F21AF806200D4FB19 /* MemeDetailViewController.swift in Sources */,
				2DB34EEC21DA087C00B67D6D /* SentTabBarController.swift in Sources */,
			);
			runOnlyForDeploymentPostprocessing = 0;
		};
		2D3DC43F2180024C007749BA /* Sources */ = {
			isa = PBXSourcesBuildPhase;
			buildActionMask = 2147483647;
			files = (
				2D3DC4482180024C007749BA /* MemeTests.swift in Sources */,
			);
			runOnlyForDeploymentPostprocessing = 0;
		};
		2D3DC44A2180024C007749BA /* Sources */ = {
			isa = PBXSourcesBuildPhase;
			buildActionMask = 2147483647;
			files = (
				2D3DC4532180024C007749BA /* MemeUITests.swift in Sources */,
			);
			runOnlyForDeploymentPostprocessing = 0;
		};
/* End PBXSourcesBuildPhase section */

/* Begin PBXTargetDependency section */
		2D3DC4452180024C007749BA /* PBXTargetDependency */ = {
			isa = PBXTargetDependency;
			target = 2D3DC42E2180024A007749BA /* Meme */;
			targetProxy = 2D3DC4442180024C007749BA /* PBXContainerItemProxy */;
		};
		2D3DC4502180024C007749BA /* PBXTargetDependency */ = {
			isa = PBXTargetDependency;
			target = 2D3DC42E2180024A007749BA /* Meme */;
			targetProxy = 2D3DC44F2180024C007749BA /* PBXContainerItemProxy */;
		};
/* End PBXTargetDependency section */

/* Begin PBXVariantGroup section */
		2D3DC4362180024A007749BA /* Main.storyboard */ = {
			isa = PBXVariantGroup;
			children = (
				2D3DC4372180024A007749BA /* Base */,
			);
			name = Main.storyboard;
			sourceTree = "<group>";
		};
		2D3DC43B2180024B007749BA /* LaunchScreen.storyboard */ = {
			isa = PBXVariantGroup;
			children = (
				2D3DC43C2180024B007749BA /* Base */,
			);
			name = LaunchScreen.storyboard;
			sourceTree = "<group>";
		};
/* End PBXVariantGroup section */

/* Begin XCBuildConfiguration section */
		2D3DC4552180024C007749BA /* Debug */ = {
			isa = XCBuildConfiguration;
			buildSettings = {
				ALWAYS_SEARCH_USER_PATHS = NO;
				CLANG_ANALYZER_NONNULL = YES;
				CLANG_ANALYZER_NUMBER_OBJECT_CONVERSION = YES_AGGRESSIVE;
				CLANG_CXX_LANGUAGE_STANDARD = "gnu++14";
				CLANG_CXX_LIBRARY = "libc++";
				CLANG_ENABLE_MODULES = YES;
				CLANG_ENABLE_OBJC_ARC = YES;
				CLANG_ENABLE_OBJC_WEAK = YES;
				CLANG_WARN_BLOCK_CAPTURE_AUTORELEASING = YES;
				CLANG_WARN_BOOL_CONVERSION = YES;
				CLANG_WARN_COMMA = YES;
				CLANG_WARN_CONSTANT_CONVERSION = YES;
				CLANG_WARN_DEPRECATED_OBJC_IMPLEMENTATIONS = YES;
				CLANG_WARN_DIRECT_OBJC_ISA_USAGE = YES_ERROR;
				CLANG_WARN_DOCUMENTATION_COMMENTS = YES;
				CLANG_WARN_EMPTY_BODY = YES;
				CLANG_WARN_ENUM_CONVERSION = YES;
				CLANG_WARN_INFINITE_RECURSION = YES;
				CLANG_WARN_INT_CONVERSION = YES;
				CLANG_WARN_NON_LITERAL_NULL_CONVERSION = YES;
				CLANG_WARN_OBJC_IMPLICIT_RETAIN_SELF = YES;
				CLANG_WARN_OBJC_LITERAL_CONVERSION = YES;
				CLANG_WARN_OBJC_ROOT_CLASS = YES_ERROR;
				CLANG_WARN_RANGE_LOOP_ANALYSIS = YES;
				CLANG_WARN_STRICT_PROTOTYPES = YES;
				CLANG_WARN_SUSPICIOUS_MOVE = YES;
				CLANG_WARN_UNGUARDED_AVAILABILITY = YES_AGGRESSIVE;
				CLANG_WARN_UNREACHABLE_CODE = YES;
				CLANG_WARN__DUPLICATE_METHOD_MATCH = YES;
				CODE_SIGN_IDENTITY = "iPhone Developer";
				COPY_PHASE_STRIP = NO;
				DEBUG_INFORMATION_FORMAT = dwarf;
				ENABLE_STRICT_OBJC_MSGSEND = YES;
				ENABLE_TESTABILITY = YES;
				GCC_C_LANGUAGE_STANDARD = gnu11;
				GCC_DYNAMIC_NO_PIC = NO;
				GCC_NO_COMMON_BLOCKS = YES;
				GCC_OPTIMIZATION_LEVEL = 0;
				GCC_PREPROCESSOR_DEFINITIONS = (
					"DEBUG=1",
					"$(inherited)",
				);
				GCC_WARN_64_TO_32_BIT_CONVERSION = YES;
				GCC_WARN_ABOUT_RETURN_TYPE = YES_ERROR;
				GCC_WARN_UNDECLARED_SELECTOR = YES;
				GCC_WARN_UNINITIALIZED_AUTOS = YES_AGGRESSIVE;
				GCC_WARN_UNUSED_FUNCTION = YES;
				GCC_WARN_UNUSED_VARIABLE = YES;
				IPHONEOS_DEPLOYMENT_TARGET = 11.4;
				MTL_ENABLE_DEBUG_INFO = YES;
				ONLY_ACTIVE_ARCH = YES;
				SDKROOT = iphoneos;
				SWIFT_ACTIVE_COMPILATION_CONDITIONS = DEBUG;
				SWIFT_OPTIMIZATION_LEVEL = "-Onone";
			};
			name = Debug;
		};
		2D3DC4562180024C007749BA /* Release */ = {
			isa = XCBuildConfiguration;
			buildSettings = {
				ALWAYS_SEARCH_USER_PATHS = NO;
				CLANG_ANALYZER_NONNULL = YES;
				CLANG_ANALYZER_NUMBER_OBJECT_CONVERSION = YES_AGGRESSIVE;
				CLANG_CXX_LANGUAGE_STANDARD = "gnu++14";
				CLANG_CXX_LIBRARY = "libc++";
				CLANG_ENABLE_MODULES = YES;
				CLANG_ENABLE_OBJC_ARC = YES;
				CLANG_ENABLE_OBJC_WEAK = YES;
				CLANG_WARN_BLOCK_CAPTURE_AUTORELEASING = YES;
				CLANG_WARN_BOOL_CONVERSION = YES;
				CLANG_WARN_COMMA = YES;
				CLANG_WARN_CONSTANT_CONVERSION = YES;
				CLANG_WARN_DEPRECATED_OBJC_IMPLEMENTATIONS = YES;
				CLANG_WARN_DIRECT_OBJC_ISA_USAGE = YES_ERROR;
				CLANG_WARN_DOCUMENTATION_COMMENTS = YES;
				CLANG_WARN_EMPTY_BODY = YES;
				CLANG_WARN_ENUM_CONVERSION = YES;
				CLANG_WARN_INFINITE_RECURSION = YES;
				CLANG_WARN_INT_CONVERSION = YES;
				CLANG_WARN_NON_LITERAL_NULL_CONVERSION = YES;
				CLANG_WARN_OBJC_IMPLICIT_RETAIN_SELF = YES;
				CLANG_WARN_OBJC_LITERAL_CONVERSION = YES;
				CLANG_WARN_OBJC_ROOT_CLASS = YES_ERROR;
				CLANG_WARN_RANGE_LOOP_ANALYSIS = YES;
				CLANG_WARN_STRICT_PROTOTYPES = YES;
				CLANG_WARN_SUSPICIOUS_MOVE = YES;
				CLANG_WARN_UNGUARDED_AVAILABILITY = YES_AGGRESSIVE;
				CLANG_WARN_UNREACHABLE_CODE = YES;
				CLANG_WARN__DUPLICATE_METHOD_MATCH = YES;
				CODE_SIGN_IDENTITY = "iPhone Developer";
				COPY_PHASE_STRIP = NO;
				DEBUG_INFORMATION_FORMAT = "dwarf-with-dsym";
				ENABLE_NS_ASSERTIONS = NO;
				ENABLE_STRICT_OBJC_MSGSEND = YES;
				GCC_C_LANGUAGE_STANDARD = gnu11;
				GCC_NO_COMMON_BLOCKS = YES;
				GCC_WARN_64_TO_32_BIT_CONVERSION = YES;
				GCC_WARN_ABOUT_RETURN_TYPE = YES_ERROR;
				GCC_WARN_UNDECLARED_SELECTOR = YES;
				GCC_WARN_UNINITIALIZED_AUTOS = YES_AGGRESSIVE;
				GCC_WARN_UNUSED_FUNCTION = YES;
				GCC_WARN_UNUSED_VARIABLE = YES;
				IPHONEOS_DEPLOYMENT_TARGET = 11.4;
				MTL_ENABLE_DEBUG_INFO = NO;
				SDKROOT = iphoneos;
				SWIFT_COMPILATION_MODE = wholemodule;
				SWIFT_OPTIMIZATION_LEVEL = "-O";
				VALIDATE_PRODUCT = YES;
			};
			name = Release;
		};
		2D3DC4582180024C007749BA /* Debug */ = {
			isa = XCBuildConfiguration;
			buildSettings = {
				CODE_SIGN_STYLE = Automatic;
				DEVELOPMENT_TEAM = "";
				INFOPLIST_FILE = Meme/Info.plist;
				LD_RUNPATH_SEARCH_PATHS = (
					"$(inherited)",
					"@executable_path/Frameworks",
				);
				PRODUCT_BUNDLE_IDENTIFIER = manpreet.Meme;
				PRODUCT_NAME = "$(TARGET_NAME)";
				SWIFT_VERSION = 4.0;
				TARGETED_DEVICE_FAMILY = "1,2";
			};
			name = Debug;
		};
		2D3DC4592180024C007749BA /* Release */ = {
			isa = XCBuildConfiguration;
			buildSettings = {
				CODE_SIGN_STYLE = Automatic;
				DEVELOPMENT_TEAM = "";
				INFOPLIST_FILE = Meme/Info.plist;
				LD_RUNPATH_SEARCH_PATHS = (
					"$(inherited)",
					"@executable_path/Frameworks",
				);
				PRODUCT_BUNDLE_IDENTIFIER = manpreet.Meme;
				PRODUCT_NAME = "$(TARGET_NAME)";
				SWIFT_VERSION = 4.0;
				TARGETED_DEVICE_FAMILY = "1,2";
			};
			name = Release;
		};
		2D3DC45B2180024C007749BA /* Debug */ = {
			isa = XCBuildConfiguration;
			buildSettings = {
				ALWAYS_EMBED_SWIFT_STANDARD_LIBRARIES = YES;
				BUNDLE_LOADER = "$(TEST_HOST)";
				CODE_SIGN_STYLE = Automatic;
				INFOPLIST_FILE = MemeTests/Info.plist;
				LD_RUNPATH_SEARCH_PATHS = (
					"$(inherited)",
					"@executable_path/Frameworks",
					"@loader_path/Frameworks",
				);
				PRODUCT_BUNDLE_IDENTIFIER = manpreet.MemeTests;
				PRODUCT_NAME = "$(TARGET_NAME)";
				SWIFT_VERSION = 4.0;
				TARGETED_DEVICE_FAMILY = "1,2";
				TEST_HOST = "$(BUILT_PRODUCTS_DIR)/Meme.app/Meme";
			};
			name = Debug;
		};
		2D3DC45C2180024C007749BA /* Release */ = {
			isa = XCBuildConfiguration;
			buildSettings = {
				ALWAYS_EMBED_SWIFT_STANDARD_LIBRARIES = YES;
				BUNDLE_LOADER = "$(TEST_HOST)";
				CODE_SIGN_STYLE = Automatic;
				INFOPLIST_FILE = MemeTests/Info.plist;
				LD_RUNPATH_SEARCH_PATHS = (
					"$(inherited)",
					"@executable_path/Frameworks",
					"@loader_path/Frameworks",
				);
				PRODUCT_BUNDLE_IDENTIFIER = manpreet.MemeTests;
				PRODUCT_NAME = "$(TARGET_NAME)";
				SWIFT_VERSION = 4.0;
				TARGETED_DEVICE_FAMILY = "1,2";
				TEST_HOST = "$(BUILT_PRODUCTS_DIR)/Meme.app/Meme";
			};
			name = Release;
		};
		2D3DC45E2180024C007749BA /* Debug */ = {
			isa = XCBuildConfiguration;
			buildSettings = {
				ALWAYS_EMBED_SWIFT_STANDARD_LIBRARIES = YES;
				CODE_SIGN_STYLE = Automatic;
				INFOPLIST_FILE = MemeUITests/Info.plist;
				LD_RUNPATH_SEARCH_PATHS = (
					"$(inherited)",
					"@executable_path/Frameworks",
					"@loader_path/Frameworks",
				);
				PRODUCT_BUNDLE_IDENTIFIER = manpreet.MemeUITests;
				PRODUCT_NAME = "$(TARGET_NAME)";
				SWIFT_VERSION = 4.0;
				TARGETED_DEVICE_FAMILY = "1,2";
				TEST_TARGET_NAME = Meme;
			};
			name = Debug;
		};
		2D3DC45F2180024C007749BA /* Release */ = {
			isa = XCBuildConfiguration;
			buildSettings = {
				ALWAYS_EMBED_SWIFT_STANDARD_LIBRARIES = YES;
				CODE_SIGN_STYLE = Automatic;
				INFOPLIST_FILE = MemeUITests/Info.plist;
				LD_RUNPATH_SEARCH_PATHS = (
					"$(inherited)",
					"@executable_path/Frameworks",
					"@loader_path/Frameworks",
				);
				PRODUCT_BUNDLE_IDENTIFIER = manpreet.MemeUITests;
				PRODUCT_NAME = "$(TARGET_NAME)";
				SWIFT_VERSION = 4.0;
				TARGETED_DEVICE_FAMILY = "1,2";
				TEST_TARGET_NAME = Meme;
			};
			name = Release;
		};
/* End XCBuildConfiguration section */

/* Begin XCConfigurationList section */
		2D3DC42A2180024A007749BA /* Build configuration list for PBXProject "Meme" */ = {
			isa = XCConfigurationList;
			buildConfigurations = (
				2D3DC4552180024C007749BA /* Debug */,
				2D3DC4562180024C007749BA /* Release */,
			);
			defaultConfigurationIsVisible = 0;
			defaultConfigurationName = Release;
		};
		2D3DC4572180024C007749BA /* Build configuration list for PBXNativeTarget "Meme" */ = {
			isa = XCConfigurationList;
			buildConfigurations = (
				2D3DC4582180024C007749BA /* Debug */,
				2D3DC4592180024C007749BA /* Release */,
			);
			defaultConfigurationIsVisible = 0;
			defaultConfigurationName = Release;
		};
		2D3DC45A2180024C007749BA /* Build configuration list for PBXNativeTarget "MemeTests" */ = {
			isa = XCConfigurationList;
			buildConfigurations = (
				2D3DC45B2180024C007749BA /* Debug */,
				2D3DC45C2180024C007749BA /* Release */,
			);
			defaultConfigurationIsVisible = 0;
			defaultConfigurationName = Release;
		};
		2D3DC45D2180024C007749BA /* Build configuration list for PBXNativeTarget "MemeUITests" */ = {
			isa = XCConfigurationList;
			buildConfigurations = (
				2D3DC45E2180024C007749BA /* Debug */,
				2D3DC45F2180024C007749BA /* Release */,
			);
			defaultConfigurationIsVisible = 0;
			defaultConfigurationName = Release;
		};
/* End XCConfigurationList section */
	};
	rootObject = 2D3DC4272180024A007749BA /* Project object */;
}
